// !$*UTF8*$!
{
	archiveVersion = 1;
	classes = {
	};
	objectVersion = 55;
	objects = {

/* Begin PBXBuildFile section */
		4A8BCA8A27615DFC006C39BB /* ScanBarcodesDemoApp.swift in Sources */ = {isa = PBXBuildFile; fileRef = 4A8BCA8927615DFC006C39BB /* ScanBarcodesDemoApp.swift */; };
		4A8BCA8C27615DFC006C39BB /* ContentView.swift in Sources */ = {isa = PBXBuildFile; fileRef = 4A8BCA8B27615DFC006C39BB /* ContentView.swift */; };
		4A8BCA8E27615DFF006C39BB /* Assets.xcassets in Resources */ = {isa = PBXBuildFile; fileRef = 4A8BCA8D27615DFF006C39BB /* Assets.xcassets */; };
		4A8BCA9127615DFF006C39BB /* Preview Assets.xcassets in Resources */ = {isa = PBXBuildFile; fileRef = 4A8BCA9027615DFF006C39BB /* Preview Assets.xcassets */; };
		4A8BCA9F2761631E006C39BB /* ScanView.swift in Sources */ = {isa = PBXBuildFile; fileRef = 4A8BCA9E2761631D006C39BB /* ScanView.swift */; };
		4ADDF8482784D08000452DDD /* ScanBarcodes in Frameworks */ = {isa = PBXBuildFile; productRef = 4ADDF8472784D08000452DDD /* ScanBarcodes */; };
/* End PBXBuildFile section */

/* Begin PBXFileReference section */
		4A8BCA8627615DFC006C39BB /* ScanBarcodesDemo.app */ = {isa = PBXFileReference; explicitFileType = wrapper.application; includeInIndex = 0; path = ScanBarcodesDemo.app; sourceTree = BUILT_PRODUCTS_DIR; };
		4A8BCA8927615DFC006C39BB /* ScanBarcodesDemoApp.swift */ = {isa = PBXFileReference; lastKnownFileType = sourcecode.swift; path = ScanBarcodesDemoApp.swift; sourceTree = "<group>"; };
		4A8BCA8B27615DFC006C39BB /* ContentView.swift */ = {isa = PBXFileReference; lastKnownFileType = sourcecode.swift; path = ContentView.swift; sourceTree = "<group>"; };
		4A8BCA8D27615DFF006C39BB /* Assets.xcassets */ = {isa = PBXFileReference; lastKnownFileType = folder.assetcatalog; path = Assets.xcassets; sourceTree = "<group>"; };
		4A8BCA9027615DFF006C39BB /* Preview Assets.xcassets */ = {isa = PBXFileReference; lastKnownFileType = folder.assetcatalog; path = "Preview Assets.xcassets"; sourceTree = "<group>"; };
		4A8BCA9E2761631D006C39BB /* ScanView.swift */ = {isa = PBXFileReference; lastKnownFileType = sourcecode.swift; path = ScanView.swift; sourceTree = "<group>"; };
		4ADDF8492784D9D200452DDD /* README.md */ = {isa = PBXFileReference; lastKnownFileType = net.daringfireball.markdown; path = README.md; sourceTree = "<group>"; };
		4ADDF84A2784DC5C00452DDD /* ScanBarcodesDemo.jpg */ = {isa = PBXFileReference; lastKnownFileType = image.jpeg; path = ScanBarcodesDemo.jpg; sourceTree = "<group>"; };
		4ADDF84B2784E0BE00452DDD /* .gitignore */ = {isa = PBXFileReference; lastKnownFileType = text; path = .gitignore; sourceTree = "<group>"; };
/* End PBXFileReference section */

/* Begin PBXFrameworksBuildPhase section */
		4A8BCA8327615DFC006C39BB /* Frameworks */ = {
			isa = PBXFrameworksBuildPhase;
			buildActionMask = 2147483647;
			files = (
				4ADDF8482784D08000452DDD /* ScanBarcodes in Frameworks */,
			);
			runOnlyForDeploymentPostprocessing = 0;
		};
/* End PBXFrameworksBuildPhase section */

/* Begin PBXGroup section */
		4A8BCA7D27615DFC006C39BB = {
			isa = PBXGroup;
			children = (
				4ADDF84B2784E0BE00452DDD /* .gitignore */,
				4ADDF8492784D9D200452DDD /* README.md */,
				4ADDF84A2784DC5C00452DDD /* ScanBarcodesDemo.jpg */,
				4A8BCA9727615E2C006C39BB /* Packages */,
				4A8BCA8827615DFC006C39BB /* ScanBarcodesDemo */,
				4A8BCA8727615DFC006C39BB /* Products */,
				4A8BCA9B2761611A006C39BB /* Frameworks */,
			);
			sourceTree = "<group>";
		};
		4A8BCA8727615DFC006C39BB /* Products */ = {
			isa = PBXGroup;
			children = (
				4A8BCA8627615DFC006C39BB /* ScanBarcodesDemo.app */,
			);
			name = Products;
			sourceTree = "<group>";
		};
		4A8BCA8827615DFC006C39BB /* ScanBarcodesDemo */ = {
			isa = PBXGroup;
			children = (
				4A8BCA8927615DFC006C39BB /* ScanBarcodesDemoApp.swift */,
				4A8BCA8B27615DFC006C39BB /* ContentView.swift */,
				4A8BCA9E2761631D006C39BB /* ScanView.swift */,
				4A8BCA8D27615DFF006C39BB /* Assets.xcassets */,
				4A8BCA8F27615DFF006C39BB /* Preview Content */,
			);
			path = ScanBarcodesDemo;
			sourceTree = "<group>";
		};
		4A8BCA8F27615DFF006C39BB /* Preview Content */ = {
			isa = PBXGroup;
			children = (
				4A8BCA9027615DFF006C39BB /* Preview Assets.xcassets */,
			);
			path = "Preview Content";
			sourceTree = "<group>";
		};
		4A8BCA9727615E2C006C39BB /* Packages */ = {
			isa = PBXGroup;
			children = (
			);
			name = Packages;
			sourceTree = "<group>";
		};
		4A8BCA9B2761611A006C39BB /* Frameworks */ = {
			isa = PBXGroup;
			children = (
			);
			name = Frameworks;
			sourceTree = "<group>";
		};
/* End PBXGroup section */

/* Begin PBXNativeTarget section */
		4A8BCA8527615DFC006C39BB /* ScanBarcodesDemo */ = {
			isa = PBXNativeTarget;
			buildConfigurationList = 4A8BCA9427615DFF006C39BB /* Build configuration list for PBXNativeTarget "ScanBarcodesDemo" */;
			buildPhases = (
				4A8BCA8227615DFC006C39BB /* Sources */,
				4ADDF8452784C9D100452DDD /* Run SwiftLint */,
				4A8BCA8327615DFC006C39BB /* Frameworks */,
				4A8BCA8427615DFC006C39BB /* Resources */,
			);
			buildRules = (
			);
			dependencies = (
			);
			name = ScanBarcodesDemo;
			packageProductDependencies = (
				4ADDF8472784D08000452DDD /* ScanBarcodes */,
			);
			productName = ScanBarcodesDemo;
			productReference = 4A8BCA8627615DFC006C39BB /* ScanBarcodesDemo.app */;
			productType = "com.apple.product-type.application";
		};
/* End PBXNativeTarget section */

/* Begin PBXProject section */
		4A8BCA7E27615DFC006C39BB /* Project object */ = {
			isa = PBXProject;
			attributes = {
				BuildIndependentTargetsInParallel = 1;
				LastSwiftUpdateCheck = 1310;
				LastUpgradeCheck = 1310;
				TargetAttributes = {
					4A8BCA8527615DFC006C39BB = {
						CreatedOnToolsVersion = 13.1;
					};
				};
			};
			buildConfigurationList = 4A8BCA8127615DFC006C39BB /* Build configuration list for PBXProject "ScanBarcodesDemo" */;
			compatibilityVersion = "Xcode 13.0";
			developmentRegion = en;
			hasScannedForEncodings = 0;
			knownRegions = (
				en,
				Base,
			);
			mainGroup = 4A8BCA7D27615DFC006C39BB;
			packageReferences = (
				4ADDF8462784D08000452DDD /* XCRemoteSwiftPackageReference "ScanBarcodes" */,
			);
			productRefGroup = 4A8BCA8727615DFC006C39BB /* Products */;
			projectDirPath = "";
			projectRoot = "";
			targets = (
				4A8BCA8527615DFC006C39BB /* ScanBarcodesDemo */,
			);
		};
/* End PBXProject section */

/* Begin PBXResourcesBuildPhase section */
		4A8BCA8427615DFC006C39BB /* Resources */ = {
			isa = PBXResourcesBuildPhase;
			buildActionMask = 2147483647;
			files = (
				4A8BCA9127615DFF006C39BB /* Preview Assets.xcassets in Resources */,
				4A8BCA8E27615DFF006C39BB /* Assets.xcassets in Resources */,
			);
			runOnlyForDeploymentPostprocessing = 0;
		};
/* End PBXResourcesBuildPhase section */

/* Begin PBXShellScriptBuildPhase section */
		4ADDF8452784C9D100452DDD /* Run SwiftLint */ = {
			isa = PBXShellScriptBuildPhase;
			buildActionMask = 2147483647;
			files = (
			);
			inputFileListPaths = (
			);
			inputPaths = (
			);
			name = "Run SwiftLint";
			outputFileListPaths = (
			);
			outputPaths = (
			);
			runOnlyForDeploymentPostprocessing = 0;
			shellPath = /bin/sh;
			shellScript = "# Type a script or drag a script file from your workspace to insert its path.\nif test -d \"/opt/homebrew/bin/\"; then\n  PATH=\"/opt/homebrew/bin/:${PATH}\"\nfi\n\nexport PATH\n\nif which swiftlint >/dev/null; then\n  swiftlint\nelse\n  echo \"warning: SwiftLint not installed, download from https://github.com/realm/SwiftLint\"\nfi\n";
		};
/* End PBXShellScriptBuildPhase section */

/* Begin PBXSourcesBuildPhase section */
		4A8BCA8227615DFC006C39BB /* Sources */ = {
			isa = PBXSourcesBuildPhase;
			buildActionMask = 2147483647;
			files = (
				4A8BCA8C27615DFC006C39BB /* ContentView.swift in Sources */,
				4A8BCA8A27615DFC006C39BB /* ScanBarcodesDemoApp.swift in Sources */,
				4A8BCA9F2761631E006C39BB /* ScanView.swift in Sources */,
			);
			runOnlyForDeploymentPostprocessing = 0;
		};
/* End PBXSourcesBuildPhase section */

/* Begin XCBuildConfiguration section */
		4A8BCA9227615DFF006C39BB /* Debug */ = {
			isa = XCBuildConfiguration;
			buildSettings = {
				ALWAYS_SEARCH_USER_PATHS = NO;
				CLANG_ANALYZER_NONNULL = YES;
				CLANG_ANALYZER_NUMBER_OBJECT_CONVERSION = YES_AGGRESSIVE;
				CLANG_CXX_LANGUAGE_STANDARD = "gnu++17";
				CLANG_CXX_LIBRARY = "libc++";
				CLANG_ENABLE_MODULES = YES;
				CLANG_ENABLE_OBJC_ARC = YES;
				CLANG_ENABLE_OBJC_WEAK = YES;
				CLANG_WARN_BLOCK_CAPTURE_AUTORELEASING = YES;
				CLANG_WARN_BOOL_CONVERSION = YES;
				CLANG_WARN_COMMA = YES;
				CLANG_WARN_CONSTANT_CONVERSION = YES;
				CLANG_WARN_DEPRECATED_OBJC_IMPLEMENTATIONS = YES;
				CLANG_WARN_DIRECT_OBJC_ISA_USAGE = YES_ERROR;
				CLANG_WARN_DOCUMENTATION_COMMENTS = YES;
				CLANG_WARN_EMPTY_BODY = YES;
				CLANG_WARN_ENUM_CONVERSION = YES;
				CLANG_WARN_INFINITE_RECURSION = YES;
				CLANG_WARN_INT_CONVERSION = YES;
				CLANG_WARN_NON_LITERAL_NULL_CONVERSION = YES;
				CLANG_WARN_OBJC_IMPLICIT_RETAIN_SELF = YES;
				CLANG_WARN_OBJC_LITERAL_CONVERSION = YES;
				CLANG_WARN_OBJC_ROOT_CLASS = YES_ERROR;
				CLANG_WARN_QUOTED_INCLUDE_IN_FRAMEWORK_HEADER = YES;
				CLANG_WARN_RANGE_LOOP_ANALYSIS = YES;
				CLANG_WARN_STRICT_PROTOTYPES = YES;
				CLANG_WARN_SUSPICIOUS_MOVE = YES;
				CLANG_WARN_UNGUARDED_AVAILABILITY = YES_AGGRESSIVE;
				CLANG_WARN_UNREACHABLE_CODE = YES;
				CLANG_WARN__DUPLICATE_METHOD_MATCH = YES;
				COPY_PHASE_STRIP = NO;
				DEBUG_INFORMATION_FORMAT = dwarf;
				ENABLE_STRICT_OBJC_MSGSEND = YES;
				ENABLE_TESTABILITY = YES;
				GCC_C_LANGUAGE_STANDARD = gnu11;
				GCC_DYNAMIC_NO_PIC = NO;
				GCC_NO_COMMON_BLOCKS = YES;
				GCC_OPTIMIZATION_LEVEL = 0;
				GCC_PREPROCESSOR_DEFINITIONS = (
					"DEBUG=1",
					"$(inherited)",
				);
				GCC_WARN_64_TO_32_BIT_CONVERSION = YES;
				GCC_WARN_ABOUT_RETURN_TYPE = YES_ERROR;
				GCC_WARN_UNDECLARED_SELECTOR = YES;
				GCC_WARN_UNINITIALIZED_AUTOS = YES_AGGRESSIVE;
				GCC_WARN_UNUSED_FUNCTION = YES;
				GCC_WARN_UNUSED_VARIABLE = YES;
				IPHONEOS_DEPLOYMENT_TARGET = 14.0;
				MTL_ENABLE_DEBUG_INFO = INCLUDE_SOURCE;
				MTL_FAST_MATH = YES;
				ONLY_ACTIVE_ARCH = YES;
				SDKROOT = iphoneos;
				SWIFT_ACTIVE_COMPILATION_CONDITIONS = DEBUG;
				SWIFT_OPTIMIZATION_LEVEL = "-Onone";
			};
			name = Debug;
		};
		4A8BCA9327615DFF006C39BB /* Release */ = {
			isa = XCBuildConfiguration;
			buildSettings = {
				ALWAYS_SEARCH_USER_PATHS = NO;
				CLANG_ANALYZER_NONNULL = YES;
				CLANG_ANALYZER_NUMBER_OBJECT_CONVERSION = YES_AGGRESSIVE;
				CLANG_CXX_LANGUAGE_STANDARD = "gnu++17";
				CLANG_CXX_LIBRARY = "libc++";
				CLANG_ENABLE_MODULES = YES;
				CLANG_ENABLE_OBJC_ARC = YES;
				CLANG_ENABLE_OBJC_WEAK = YES;
				CLANG_WARN_BLOCK_CAPTURE_AUTORELEASING = YES;
				CLANG_WARN_BOOL_CONVERSION = YES;
				CLANG_WARN_COMMA = YES;
				CLANG_WARN_CONSTANT_CONVERSION = YES;
				CLANG_WARN_DEPRECATED_OBJC_IMPLEMENTATIONS = YES;
				CLANG_WARN_DIRECT_OBJC_ISA_USAGE = YES_ERROR;
				CLANG_WARN_DOCUMENTATION_COMMENTS = YES;
				CLANG_WARN_EMPTY_BODY = YES;
				CLANG_WARN_ENUM_CONVERSION = YES;
				CLANG_WARN_INFINITE_RECURSION = YES;
				CLANG_WARN_INT_CONVERSION = YES;
				CLANG_WARN_NON_LITERAL_NULL_CONVERSION = YES;
				CLANG_WARN_OBJC_IMPLICIT_RETAIN_SELF = YES;
				CLANG_WARN_OBJC_LITERAL_CONVERSION = YES;
				CLANG_WARN_OBJC_ROOT_CLASS = YES_ERROR;
				CLANG_WARN_QUOTED_INCLUDE_IN_FRAMEWORK_HEADER = YES;
				CLANG_WARN_RANGE_LOOP_ANALYSIS = YES;
				CLANG_WARN_STRICT_PROTOTYPES = YES;
				CLANG_WARN_SUSPICIOUS_MOVE = YES;
				CLANG_WARN_UNGUARDED_AVAILABILITY = YES_AGGRESSIVE;
				CLANG_WARN_UNREACHABLE_CODE = YES;
				CLANG_WARN__DUPLICATE_METHOD_MATCH = YES;
				COPY_PHASE_STRIP = NO;
				DEBUG_INFORMATION_FORMAT = "dwarf-with-dsym";
				ENABLE_NS_ASSERTIONS = NO;
				ENABLE_STRICT_OBJC_MSGSEND = YES;
				GCC_C_LANGUAGE_STANDARD = gnu11;
				GCC_NO_COMMON_BLOCKS = YES;
				GCC_WARN_64_TO_32_BIT_CONVERSION = YES;
				GCC_WARN_ABOUT_RETURN_TYPE = YES_ERROR;
				GCC_WARN_UNDECLARED_SELECTOR = YES;
				GCC_WARN_UNINITIALIZED_AUTOS = YES_AGGRESSIVE;
				GCC_WARN_UNUSED_FUNCTION = YES;
				GCC_WARN_UNUSED_VARIABLE = YES;
				IPHONEOS_DEPLOYMENT_TARGET = 14.0;
				MTL_ENABLE_DEBUG_INFO = NO;
				MTL_FAST_MATH = YES;
				SDKROOT = iphoneos;
				SWIFT_COMPILATION_MODE = wholemodule;
				SWIFT_OPTIMIZATION_LEVEL = "-O";
				VALIDATE_PRODUCT = YES;
			};
			name = Release;
		};
		4A8BCA9527615DFF006C39BB /* Debug */ = {
			isa = XCBuildConfiguration;
			buildSettings = {
				ASSETCATALOG_COMPILER_APPICON_NAME = AppIcon;
				ASSETCATALOG_COMPILER_GLOBAL_ACCENT_COLOR_NAME = AccentColor;
				CODE_SIGN_STYLE = Automatic;
				CURRENT_PROJECT_VERSION = 1;
				DEVELOPMENT_ASSET_PATHS = "\"ScanBarcodesDemo/Preview Content\"";
				DEVELOPMENT_TEAM = "";
				ENABLE_PREVIEWS = YES;
				GENERATE_INFOPLIST_FILE = YES;
				INFOPLIST_KEY_NSCameraUsageDescription = "Scan Barcodes Demo needs to access the camera to scan barcodes";
				INFOPLIST_KEY_UIApplicationSceneManifest_Generation = YES;
				INFOPLIST_KEY_UIApplicationSupportsIndirectInputEvents = YES;
				INFOPLIST_KEY_UILaunchScreen_Generation = YES;
				INFOPLIST_KEY_UISupportedInterfaceOrientations_iPad = "UIInterfaceOrientationPortrait UIInterfaceOrientationPortraitUpsideDown UIInterfaceOrientationLandscapeLeft UIInterfaceOrientationLandscapeRight";
				INFOPLIST_KEY_UISupportedInterfaceOrientations_iPhone = "UIInterfaceOrientationPortrait UIInterfaceOrientationLandscapeLeft UIInterfaceOrientationLandscapeRight";
				LD_RUNPATH_SEARCH_PATHS = (
					"$(inherited)",
					"@executable_path/Frameworks",
				);
				MARKETING_VERSION = 1.0;
				PRODUCT_BUNDLE_IDENTIFIER = gov.nasa.jpl.ScanBarcodesDemo;
				PRODUCT_NAME = "$(TARGET_NAME)";
				SWIFT_EMIT_LOC_STRINGS = YES;
				SWIFT_VERSION = 5.0;
				TARGETED_DEVICE_FAMILY = "1,2";
			};
			name = Debug;
		};
		4A8BCA9627615DFF006C39BB /* Release */ = {
			isa = XCBuildConfiguration;
			buildSettings = {
				ASSETCATALOG_COMPILER_APPICON_NAME = AppIcon;
				ASSETCATALOG_COMPILER_GLOBAL_ACCENT_COLOR_NAME = AccentColor;
				CODE_SIGN_STYLE = Automatic;
				CURRENT_PROJECT_VERSION = 1;
				DEVELOPMENT_ASSET_PATHS = "\"ScanBarcodesDemo/Preview Content\"";
				DEVELOPMENT_TEAM = "";
				ENABLE_PREVIEWS = YES;
				GENERATE_INFOPLIST_FILE = YES;
				INFOPLIST_KEY_NSCameraUsageDescription = "Scan Barcodes Demo needs to access the camera to scan barcodes";
				INFOPLIST_KEY_UIApplicationSceneManifest_Generation = YES;
				INFOPLIST_KEY_UIApplicationSupportsIndirectInputEvents = YES;
				INFOPLIST_KEY_UILaunchScreen_Generation = YES;
				INFOPLIST_KEY_UISupportedInterfaceOrientations_iPad = "UIInterfaceOrientationPortrait UIInterfaceOrientationPortraitUpsideDown UIInterfaceOrientationLandscapeLeft UIInterfaceOrientationLandscapeRight";
				INFOPLIST_KEY_UISupportedInterfaceOrientations_iPhone = "UIInterfaceOrientationPortrait UIInterfaceOrientationLandscapeLeft UIInterfaceOrientationLandscapeRight";
				LD_RUNPATH_SEARCH_PATHS = (
					"$(inherited)",
					"@executable_path/Frameworks",
				);
				MARKETING_VERSION = 1.0;
				PRODUCT_BUNDLE_IDENTIFIER = gov.nasa.jpl.ScanBarcodesDemo;
				PRODUCT_NAME = "$(TARGET_NAME)";
				SWIFT_EMIT_LOC_STRINGS = YES;
				SWIFT_VERSION = 5.0;
				TARGETED_DEVICE_FAMILY = "1,2";
			};
			name = Release;
		};
/* End XCBuildConfiguration section */

/* Begin XCConfigurationList section */
		4A8BCA8127615DFC006C39BB /* Build configuration list for PBXProject "ScanBarcodesDemo" */ = {
			isa = XCConfigurationList;
			buildConfigurations = (
				4A8BCA9227615DFF006C39BB /* Debug */,
				4A8BCA9327615DFF006C39BB /* Release */,
			);
			defaultConfigurationIsVisible = 0;
			defaultConfigurationName = Release;
		};
		4A8BCA9427615DFF006C39BB /* Build configuration list for PBXNativeTarget "ScanBarcodesDemo" */ = {
			isa = XCConfigurationList;
			buildConfigurations = (
				4A8BCA9527615DFF006C39BB /* Debug */,
				4A8BCA9627615DFF006C39BB /* Release */,
			);
			defaultConfigurationIsVisible = 0;
			defaultConfigurationName = Release;
		};
/* End XCConfigurationList section */

/* Begin XCRemoteSwiftPackageReference section */
		4ADDF8462784D08000452DDD /* XCRemoteSwiftPackageReference "ScanBarcodes" */ = {
			isa = XCRemoteSwiftPackageReference;
			repositoryURL = "https://github.com/nasa-jpl/ScanBarcodes.git";
			requirement = {
				branch = main;
				kind = branch;
			};
		};
/* End XCRemoteSwiftPackageReference section */

/* Begin XCSwiftPackageProductDependency section */
		4ADDF8472784D08000452DDD /* ScanBarcodes */ = {
			isa = XCSwiftPackageProductDependency;
			package = 4ADDF8462784D08000452DDD /* XCRemoteSwiftPackageReference "ScanBarcodes" */;
			productName = ScanBarcodes;
		};
/* End XCSwiftPackageProductDependency section */
	};
	rootObject = 4A8BCA7E27615DFC006C39BB /* Project object */;
}
